// !$*UTF8*$!
{
	archiveVersion = 1;
	classes = {
	};
	objectVersion = 55;
	objects = {

/* Begin PBXBuildFile section */
		6FA5DA2B9A472A1F680C88FD /* Pods_Media_PreviewerTests.framework in Frameworks */ = {isa = PBXBuildFile; fileRef = A2B147AB08B3D7768B9B3841 /* Pods_Media_PreviewerTests.framework */; };
		A72C4BFC290545BC003AECEC /* ImageController.swift in Sources */ = {isa = PBXBuildFile; fileRef = A72C4BFB290545BC003AECEC /* ImageController.swift */; };
		A751720C291F749C00993979 /* Date+Extensions.swift in Sources */ = {isa = PBXBuildFile; fileRef = A751720B291F749C00993979 /* Date+Extensions.swift */; };
		A75172102920CCCD00993979 /* TextController.swift in Sources */ = {isa = PBXBuildFile; fileRef = A751720F2920CCCD00993979 /* TextController.swift */; };
		A75172122920D21C00993979 /* UnsupportedViewController.swift in Sources */ = {isa = PBXBuildFile; fileRef = A75172112920D21C00993979 /* UnsupportedViewController.swift */; };
		A75172162920E24100993979 /* video.mp4 in Resources */ = {isa = PBXBuildFile; fileRef = A75172152920E24100993979 /* video.mp4 */; };
		A7AD353B28D74F320079BE85 /* VideoController.swift in Sources */ = {isa = PBXBuildFile; fileRef = A7AD353A28D74F320079BE85 /* VideoController.swift */; };
		A7ED7A5128CF3FCC0095D4AE /* AppDelegate.swift in Sources */ = {isa = PBXBuildFile; fileRef = A7ED7A5028CF3FCC0095D4AE /* AppDelegate.swift */; };
		A7ED7A5328CF3FCC0095D4AE /* SceneDelegate.swift in Sources */ = {isa = PBXBuildFile; fileRef = A7ED7A5228CF3FCC0095D4AE /* SceneDelegate.swift */; };
		A7ED7A5528CF3FCC0095D4AE /* AudioController.swift in Sources */ = {isa = PBXBuildFile; fileRef = A7ED7A5428CF3FCC0095D4AE /* AudioController.swift */; };
		A7ED7A5828CF3FCC0095D4AE /* Main.storyboard in Resources */ = {isa = PBXBuildFile; fileRef = A7ED7A5628CF3FCC0095D4AE /* Main.storyboard */; };
		A7ED7A5A28CF3FCE0095D4AE /* Assets.xcassets in Resources */ = {isa = PBXBuildFile; fileRef = A7ED7A5928CF3FCE0095D4AE /* Assets.xcassets */; };
		A7ED7A5D28CF3FCE0095D4AE /* LaunchScreen.storyboard in Resources */ = {isa = PBXBuildFile; fileRef = A7ED7A5B28CF3FCE0095D4AE /* LaunchScreen.storyboard */; };
		A7ED7A6828CF3FCF0095D4AE /* Media_PreviewerTests.swift in Sources */ = {isa = PBXBuildFile; fileRef = A7ED7A6728CF3FCF0095D4AE /* Media_PreviewerTests.swift */; };
		A7ED7A7228CF3FCF0095D4AE /* Media_PreviewerUITests.swift in Sources */ = {isa = PBXBuildFile; fileRef = A7ED7A7128CF3FCF0095D4AE /* Media_PreviewerUITests.swift */; };
		A7ED7A7428CF3FCF0095D4AE /* Media_PreviewerUITestsLaunchTests.swift in Sources */ = {isa = PBXBuildFile; fileRef = A7ED7A7328CF3FCF0095D4AE /* Media_PreviewerUITestsLaunchTests.swift */; };
		ABD08F35DA74602EB1513FF3 /* Pods_Media_Previewer_Media_PreviewerUITests.framework in Frameworks */ = {isa = PBXBuildFile; fileRef = 5BFCFD6CFB2EDD74996E0DC3 /* Pods_Media_Previewer_Media_PreviewerUITests.framework */; };
		FA056C73F2953133B88E1F72 /* Pods_Media_Previewer.framework in Frameworks */ = {isa = PBXBuildFile; fileRef = 2C545E4D1D1B194BC7ACE08E /* Pods_Media_Previewer.framework */; };
/* End PBXBuildFile section */

/* Begin PBXContainerItemProxy section */
		A7ED7A6428CF3FCE0095D4AE /* PBXContainerItemProxy */ = {
			isa = PBXContainerItemProxy;
			containerPortal = A7ED7A4528CF3FCC0095D4AE /* Project object */;
			proxyType = 1;
			remoteGlobalIDString = A7ED7A4C28CF3FCC0095D4AE;
			remoteInfo = "Media Previewer";
		};
		A7ED7A6E28CF3FCF0095D4AE /* PBXContainerItemProxy */ = {
			isa = PBXContainerItemProxy;
			containerPortal = A7ED7A4528CF3FCC0095D4AE /* Project object */;
			proxyType = 1;
			remoteGlobalIDString = A7ED7A4C28CF3FCC0095D4AE;
			remoteInfo = "Media Previewer";
		};
/* End PBXContainerItemProxy section */

/* Begin PBXFileReference section */
		167EC894D5D734BE6586B03D /* Pods-Media PreviewerTests.release.xcconfig */ = {isa = PBXFileReference; includeInIndex = 1; lastKnownFileType = text.xcconfig; name = "Pods-Media PreviewerTests.release.xcconfig"; path = "Target Support Files/Pods-Media PreviewerTests/Pods-Media PreviewerTests.release.xcconfig"; sourceTree = "<group>"; };
		2BC15280D63EC6AB437B82BF /* Pods-Media PreviewerTests.debug.xcconfig */ = {isa = PBXFileReference; includeInIndex = 1; lastKnownFileType = text.xcconfig; name = "Pods-Media PreviewerTests.debug.xcconfig"; path = "Target Support Files/Pods-Media PreviewerTests/Pods-Media PreviewerTests.debug.xcconfig"; sourceTree = "<group>"; };
		2C545E4D1D1B194BC7ACE08E /* Pods_Media_Previewer.framework */ = {isa = PBXFileReference; explicitFileType = wrapper.framework; includeInIndex = 0; path = Pods_Media_Previewer.framework; sourceTree = BUILT_PRODUCTS_DIR; };
		3F2C56B87B967DC2291DE030 /* Pods-Media Previewer.debug.xcconfig */ = {isa = PBXFileReference; includeInIndex = 1; lastKnownFileType = text.xcconfig; name = "Pods-Media Previewer.debug.xcconfig"; path = "Target Support Files/Pods-Media Previewer/Pods-Media Previewer.debug.xcconfig"; sourceTree = "<group>"; };
		4359CC450615AF24DB4031FA /* Pods-Media Previewer-Media PreviewerUITests.release.xcconfig */ = {isa = PBXFileReference; includeInIndex = 1; lastKnownFileType = text.xcconfig; name = "Pods-Media Previewer-Media PreviewerUITests.release.xcconfig"; path = "Target Support Files/Pods-Media Previewer-Media PreviewerUITests/Pods-Media Previewer-Media PreviewerUITests.release.xcconfig"; sourceTree = "<group>"; };
		5BFCFD6CFB2EDD74996E0DC3 /* Pods_Media_Previewer_Media_PreviewerUITests.framework */ = {isa = PBXFileReference; explicitFileType = wrapper.framework; includeInIndex = 0; path = Pods_Media_Previewer_Media_PreviewerUITests.framework; sourceTree = BUILT_PRODUCTS_DIR; };
		A2B147AB08B3D7768B9B3841 /* Pods_Media_PreviewerTests.framework */ = {isa = PBXFileReference; explicitFileType = wrapper.framework; includeInIndex = 0; path = Pods_Media_PreviewerTests.framework; sourceTree = BUILT_PRODUCTS_DIR; };
		A72C4BFB290545BC003AECEC /* ImageController.swift */ = {isa = PBXFileReference; lastKnownFileType = sourcecode.swift; path = ImageController.swift; sourceTree = "<group>"; };
		A751720B291F749C00993979 /* Date+Extensions.swift */ = {isa = PBXFileReference; lastKnownFileType = sourcecode.swift; path = "Date+Extensions.swift"; sourceTree = "<group>"; };
		A751720F2920CCCD00993979 /* TextController.swift */ = {isa = PBXFileReference; lastKnownFileType = sourcecode.swift; path = TextController.swift; sourceTree = "<group>"; };
		A75172112920D21C00993979 /* UnsupportedViewController.swift */ = {isa = PBXFileReference; lastKnownFileType = sourcecode.swift; path = UnsupportedViewController.swift; sourceTree = "<group>"; };
		A75172152920E24100993979 /* video.mp4 */ = {isa = PBXFileReference; lastKnownFileType = file; path = video.mp4; sourceTree = "<group>"; };
		A7AD353A28D74F320079BE85 /* VideoController.swift */ = {isa = PBXFileReference; lastKnownFileType = sourcecode.swift; path = VideoController.swift; sourceTree = "<group>"; };
		A7ED7A4D28CF3FCC0095D4AE /* Media Previewer.app */ = {isa = PBXFileReference; explicitFileType = wrapper.application; includeInIndex = 0; path = "Media Previewer.app"; sourceTree = BUILT_PRODUCTS_DIR; };
		A7ED7A5028CF3FCC0095D4AE /* AppDelegate.swift */ = {isa = PBXFileReference; lastKnownFileType = sourcecode.swift; path = AppDelegate.swift; sourceTree = "<group>"; };
		A7ED7A5228CF3FCC0095D4AE /* SceneDelegate.swift */ = {isa = PBXFileReference; lastKnownFileType = sourcecode.swift; path = SceneDelegate.swift; sourceTree = "<group>"; };
		A7ED7A5428CF3FCC0095D4AE /* AudioController.swift */ = {isa = PBXFileReference; lastKnownFileType = sourcecode.swift; path = AudioController.swift; sourceTree = "<group>"; };
		A7ED7A5728CF3FCC0095D4AE /* Base */ = {isa = PBXFileReference; lastKnownFileType = file.storyboard; name = Base; path = Base.lproj/Main.storyboard; sourceTree = "<group>"; };
		A7ED7A5928CF3FCE0095D4AE /* Assets.xcassets */ = {isa = PBXFileReference; lastKnownFileType = folder.assetcatalog; path = Assets.xcassets; sourceTree = "<group>"; };
		A7ED7A5C28CF3FCE0095D4AE /* Base */ = {isa = PBXFileReference; lastKnownFileType = file.storyboard; name = Base; path = Base.lproj/LaunchScreen.storyboard; sourceTree = "<group>"; };
		A7ED7A5E28CF3FCE0095D4AE /* Info.plist */ = {isa = PBXFileReference; lastKnownFileType = text.plist.xml; path = Info.plist; sourceTree = "<group>"; };
		A7ED7A6328CF3FCE0095D4AE /* Media PreviewerTests.xctest */ = {isa = PBXFileReference; explicitFileType = wrapper.cfbundle; includeInIndex = 0; path = "Media PreviewerTests.xctest"; sourceTree = BUILT_PRODUCTS_DIR; };
		A7ED7A6728CF3FCF0095D4AE /* Media_PreviewerTests.swift */ = {isa = PBXFileReference; lastKnownFileType = sourcecode.swift; path = Media_PreviewerTests.swift; sourceTree = "<group>"; };
		A7ED7A6D28CF3FCF0095D4AE /* Media PreviewerUITests.xctest */ = {isa = PBXFileReference; explicitFileType = wrapper.cfbundle; includeInIndex = 0; path = "Media PreviewerUITests.xctest"; sourceTree = BUILT_PRODUCTS_DIR; };
		A7ED7A7128CF3FCF0095D4AE /* Media_PreviewerUITests.swift */ = {isa = PBXFileReference; lastKnownFileType = sourcecode.swift; path = Media_PreviewerUITests.swift; sourceTree = "<group>"; };
		A7ED7A7328CF3FCF0095D4AE /* Media_PreviewerUITestsLaunchTests.swift */ = {isa = PBXFileReference; lastKnownFileType = sourcecode.swift; path = Media_PreviewerUITestsLaunchTests.swift; sourceTree = "<group>"; };
		AEB628FD13C096B2FFFD6399 /* Pods-Media Previewer-Media PreviewerUITests.debug.xcconfig */ = {isa = PBXFileReference; includeInIndex = 1; lastKnownFileType = text.xcconfig; name = "Pods-Media Previewer-Media PreviewerUITests.debug.xcconfig"; path = "Target Support Files/Pods-Media Previewer-Media PreviewerUITests/Pods-Media Previewer-Media PreviewerUITests.debug.xcconfig"; sourceTree = "<group>"; };
		F73C96501E9185F82895B857 /* Pods-Media Previewer.release.xcconfig */ = {isa = PBXFileReference; includeInIndex = 1; lastKnownFileType = text.xcconfig; name = "Pods-Media Previewer.release.xcconfig"; path = "Target Support Files/Pods-Media Previewer/Pods-Media Previewer.release.xcconfig"; sourceTree = "<group>"; };
/* End PBXFileReference section */

/* Begin PBXFrameworksBuildPhase section */
		A7ED7A4A28CF3FCC0095D4AE /* Frameworks */ = {
			isa = PBXFrameworksBuildPhase;
			buildActionMask = 2147483647;
			files = (
				FA056C73F2953133B88E1F72 /* Pods_Media_Previewer.framework in Frameworks */,
			);
			runOnlyForDeploymentPostprocessing = 0;
		};
		A7ED7A6028CF3FCE0095D4AE /* Frameworks */ = {
			isa = PBXFrameworksBuildPhase;
			buildActionMask = 2147483647;
			files = (
				6FA5DA2B9A472A1F680C88FD /* Pods_Media_PreviewerTests.framework in Frameworks */,
			);
			runOnlyForDeploymentPostprocessing = 0;
		};
		A7ED7A6A28CF3FCF0095D4AE /* Frameworks */ = {
			isa = PBXFrameworksBuildPhase;
			buildActionMask = 2147483647;
			files = (
				ABD08F35DA74602EB1513FF3 /* Pods_Media_Previewer_Media_PreviewerUITests.framework in Frameworks */,
			);
			runOnlyForDeploymentPostprocessing = 0;
		};
/* End PBXFrameworksBuildPhase section */

/* Begin PBXGroup section */
		A751720A291F746D00993979 /* Extensions */ = {
			isa = PBXGroup;
			children = (
				A751720B291F749C00993979 /* Date+Extensions.swift */,
			);
			path = Extensions;
			sourceTree = "<group>";
		};
		A7ED7A4428CF3FCC0095D4AE = {
			isa = PBXGroup;
			children = (
				A7ED7A4F28CF3FCC0095D4AE /* Media Previewer */,
				A7ED7A6628CF3FCF0095D4AE /* Media PreviewerTests */,
				A7ED7A7028CF3FCF0095D4AE /* Media PreviewerUITests */,
				A7ED7A4E28CF3FCC0095D4AE /* Products */,
				CC0D67107B84042DDB28E2E3 /* Pods */,
				F37B5EB72ED1EC596A6608A5 /* Frameworks */,
			);
			sourceTree = "<group>";
		};
		A7ED7A4E28CF3FCC0095D4AE /* Products */ = {
			isa = PBXGroup;
			children = (
				A7ED7A4D28CF3FCC0095D4AE /* Media Previewer.app */,
				A7ED7A6328CF3FCE0095D4AE /* Media PreviewerTests.xctest */,
				A7ED7A6D28CF3FCF0095D4AE /* Media PreviewerUITests.xctest */,
			);
			name = Products;
			sourceTree = "<group>";
		};
		A7ED7A4F28CF3FCC0095D4AE /* Media Previewer */ = {
			isa = PBXGroup;
			children = (
				A7ED7A8028CF40280095D4AE /* App */,
				A751720A291F746D00993979 /* Extensions */,
				A7ED7A8128CF40330095D4AE /* Controller */,
				A7ED7A8228CF403E0095D4AE /* View */,
				A7ED7A5928CF3FCE0095D4AE /* Assets.xcassets */,
				A7ED7A5E28CF3FCE0095D4AE /* Info.plist */,
			);
			path = "Media Previewer";
			sourceTree = "<group>";
		};
		A7ED7A6628CF3FCF0095D4AE /* Media PreviewerTests */ = {
			isa = PBXGroup;
			children = (
				A7ED7A6728CF3FCF0095D4AE /* Media_PreviewerTests.swift */,
			);
			path = "Media PreviewerTests";
			sourceTree = "<group>";
		};
		A7ED7A7028CF3FCF0095D4AE /* Media PreviewerUITests */ = {
			isa = PBXGroup;
			children = (
				A7ED7A7128CF3FCF0095D4AE /* Media_PreviewerUITests.swift */,
				A7ED7A7328CF3FCF0095D4AE /* Media_PreviewerUITestsLaunchTests.swift */,
			);
			path = "Media PreviewerUITests";
			sourceTree = "<group>";
		};
		A7ED7A8028CF40280095D4AE /* App */ = {
			isa = PBXGroup;
			children = (
				A7ED7A5028CF3FCC0095D4AE /* AppDelegate.swift */,
				A7ED7A5228CF3FCC0095D4AE /* SceneDelegate.swift */,
			);
			path = App;
			sourceTree = "<group>";
		};
		A7ED7A8128CF40330095D4AE /* Controller */ = {
			isa = PBXGroup;
			children = (
				A7ED7A5428CF3FCC0095D4AE /* AudioController.swift */,
				A7AD353A28D74F320079BE85 /* VideoController.swift */,
				A72C4BFB290545BC003AECEC /* ImageController.swift */,
				A751720F2920CCCD00993979 /* TextController.swift */,
				A75172112920D21C00993979 /* UnsupportedViewController.swift */,
				A75172152920E24100993979 /* video.mp4 */,
			);
			path = Controller;
			sourceTree = "<group>";
		};
		A7ED7A8228CF403E0095D4AE /* View */ = {
			isa = PBXGroup;
			children = (
				A7ED7A5B28CF3FCE0095D4AE /* LaunchScreen.storyboard */,
				A7ED7A5628CF3FCC0095D4AE /* Main.storyboard */,
			);
			path = View;
			sourceTree = "<group>";
		};
		CC0D67107B84042DDB28E2E3 /* Pods */ = {
			isa = PBXGroup;
			children = (
				3F2C56B87B967DC2291DE030 /* Pods-Media Previewer.debug.xcconfig */,
				F73C96501E9185F82895B857 /* Pods-Media Previewer.release.xcconfig */,
				AEB628FD13C096B2FFFD6399 /* Pods-Media Previewer-Media PreviewerUITests.debug.xcconfig */,
				4359CC450615AF24DB4031FA /* Pods-Media Previewer-Media PreviewerUITests.release.xcconfig */,
				2BC15280D63EC6AB437B82BF /* Pods-Media PreviewerTests.debug.xcconfig */,
				167EC894D5D734BE6586B03D /* Pods-Media PreviewerTests.release.xcconfig */,
			);
			path = Pods;
			sourceTree = "<group>";
		};
		F37B5EB72ED1EC596A6608A5 /* Frameworks */ = {
			isa = PBXGroup;
			children = (
				2C545E4D1D1B194BC7ACE08E /* Pods_Media_Previewer.framework */,
				5BFCFD6CFB2EDD74996E0DC3 /* Pods_Media_Previewer_Media_PreviewerUITests.framework */,
				A2B147AB08B3D7768B9B3841 /* Pods_Media_PreviewerTests.framework */,
			);
			name = Frameworks;
			sourceTree = "<group>";
		};
/* End PBXGroup section */

/* Begin PBXNativeTarget section */
		A7ED7A4C28CF3FCC0095D4AE /* Media Previewer */ = {
			isa = PBXNativeTarget;
			buildConfigurationList = A7ED7A7728CF3FCF0095D4AE /* Build configuration list for PBXNativeTarget "Media Previewer" */;
			buildPhases = (
				FE1702F488BC9C102CE00299 /* [CP] Check Pods Manifest.lock */,
				A7ED7A4928CF3FCC0095D4AE /* Sources */,
				A7ED7A4A28CF3FCC0095D4AE /* Frameworks */,
				A7ED7A4B28CF3FCC0095D4AE /* Resources */,
				63CA71FF0B3930BFC0F21571 /* [CP] Embed Pods Frameworks */,
			);
			buildRules = (
			);
			dependencies = (
			);
			name = "Media Previewer";
			productName = "Media Previewer";
			productReference = A7ED7A4D28CF3FCC0095D4AE /* Media Previewer.app */;
			productType = "com.apple.product-type.application";
		};
		A7ED7A6228CF3FCE0095D4AE /* Media PreviewerTests */ = {
			isa = PBXNativeTarget;
			buildConfigurationList = A7ED7A7A28CF3FCF0095D4AE /* Build configuration list for PBXNativeTarget "Media PreviewerTests" */;
			buildPhases = (
				36ACE90876727C3FE6BAD493 /* [CP] Check Pods Manifest.lock */,
				A7ED7A5F28CF3FCE0095D4AE /* Sources */,
				A7ED7A6028CF3FCE0095D4AE /* Frameworks */,
				A7ED7A6128CF3FCE0095D4AE /* Resources */,
			);
			buildRules = (
			);
			dependencies = (
				A7ED7A6528CF3FCE0095D4AE /* PBXTargetDependency */,
			);
			name = "Media PreviewerTests";
			productName = "Media PreviewerTests";
			productReference = A7ED7A6328CF3FCE0095D4AE /* Media PreviewerTests.xctest */;
			productType = "com.apple.product-type.bundle.unit-test";
		};
		A7ED7A6C28CF3FCF0095D4AE /* Media PreviewerUITests */ = {
			isa = PBXNativeTarget;
			buildConfigurationList = A7ED7A7D28CF3FCF0095D4AE /* Build configuration list for PBXNativeTarget "Media PreviewerUITests" */;
			buildPhases = (
				C69F73B62304FC2771ED0149 /* [CP] Check Pods Manifest.lock */,
				A7ED7A6928CF3FCF0095D4AE /* Sources */,
				A7ED7A6A28CF3FCF0095D4AE /* Frameworks */,
				A7ED7A6B28CF3FCF0095D4AE /* Resources */,
				FF3D2AB813D1968469624E26 /* [CP] Embed Pods Frameworks */,
			);
			buildRules = (
			);
			dependencies = (
				A7ED7A6F28CF3FCF0095D4AE /* PBXTargetDependency */,
			);
			name = "Media PreviewerUITests";
			productName = "Media PreviewerUITests";
			productReference = A7ED7A6D28CF3FCF0095D4AE /* Media PreviewerUITests.xctest */;
			productType = "com.apple.product-type.bundle.ui-testing";
		};
/* End PBXNativeTarget section */

/* Begin PBXProject section */
		A7ED7A4528CF3FCC0095D4AE /* Project object */ = {
			isa = PBXProject;
			attributes = {
				BuildIndependentTargetsInParallel = 1;
				LastSwiftUpdateCheck = 1340;
				LastUpgradeCheck = 1340;
				TargetAttributes = {
					A7ED7A4C28CF3FCC0095D4AE = {
						CreatedOnToolsVersion = 13.4.1;
					};
					A7ED7A6228CF3FCE0095D4AE = {
						CreatedOnToolsVersion = 13.4.1;
						TestTargetID = A7ED7A4C28CF3FCC0095D4AE;
					};
					A7ED7A6C28CF3FCF0095D4AE = {
						CreatedOnToolsVersion = 13.4.1;
						TestTargetID = A7ED7A4C28CF3FCC0095D4AE;
					};
				};
			};
			buildConfigurationList = A7ED7A4828CF3FCC0095D4AE /* Build configuration list for PBXProject "Media Previewer" */;
			compatibilityVersion = "Xcode 13.0";
			developmentRegion = en;
			hasScannedForEncodings = 0;
			knownRegions = (
				en,
				Base,
			);
			mainGroup = A7ED7A4428CF3FCC0095D4AE;
			productRefGroup = A7ED7A4E28CF3FCC0095D4AE /* Products */;
			projectDirPath = "";
			projectRoot = "";
			targets = (
				A7ED7A4C28CF3FCC0095D4AE /* Media Previewer */,
				A7ED7A6228CF3FCE0095D4AE /* Media PreviewerTests */,
				A7ED7A6C28CF3FCF0095D4AE /* Media PreviewerUITests */,
			);
		};
/* End PBXProject section */

/* Begin PBXResourcesBuildPhase section */
		A7ED7A4B28CF3FCC0095D4AE /* Resources */ = {
			isa = PBXResourcesBuildPhase;
			buildActionMask = 2147483647;
			files = (
				A7ED7A5D28CF3FCE0095D4AE /* LaunchScreen.storyboard in Resources */,
				A7ED7A5A28CF3FCE0095D4AE /* Assets.xcassets in Resources */,
				A7ED7A5828CF3FCC0095D4AE /* Main.storyboard in Resources */,
				A75172162920E24100993979 /* video.mp4 in Resources */,
			);
			runOnlyForDeploymentPostprocessing = 0;
		};
		A7ED7A6128CF3FCE0095D4AE /* Resources */ = {
			isa = PBXResourcesBuildPhase;
			buildActionMask = 2147483647;
			files = (
			);
			runOnlyForDeploymentPostprocessing = 0;
		};
		A7ED7A6B28CF3FCF0095D4AE /* Resources */ = {
			isa = PBXResourcesBuildPhase;
			buildActionMask = 2147483647;
			files = (
			);
			runOnlyForDeploymentPostprocessing = 0;
		};
/* End PBXResourcesBuildPhase section */

/* Begin PBXShellScriptBuildPhase section */
		36ACE90876727C3FE6BAD493 /* [CP] Check Pods Manifest.lock */ = {
			isa = PBXShellScriptBuildPhase;
			buildActionMask = 2147483647;
			files = (
			);
			inputFileListPaths = (
			);
			inputPaths = (
				"${PODS_PODFILE_DIR_PATH}/Podfile.lock",
				"${PODS_ROOT}/Manifest.lock",
			);
			name = "[CP] Check Pods Manifest.lock";
			outputFileListPaths = (
			);
			outputPaths = (
				"$(DERIVED_FILE_DIR)/Pods-Media PreviewerTests-checkManifestLockResult.txt",
			);
			runOnlyForDeploymentPostprocessing = 0;
			shellPath = /bin/sh;
			shellScript = "diff \"${PODS_PODFILE_DIR_PATH}/Podfile.lock\" \"${PODS_ROOT}/Manifest.lock\" > /dev/null\nif [ $? != 0 ] ; then\n    # print error to STDERR\n    echo \"error: The sandbox is not in sync with the Podfile.lock. Run 'pod install' or update your CocoaPods installation.\" >&2\n    exit 1\nfi\n# This output is used by Xcode 'outputs' to avoid re-running this script phase.\necho \"SUCCESS\" > \"${SCRIPT_OUTPUT_FILE_0}\"\n";
			showEnvVarsInLog = 0;
		};
		63CA71FF0B3930BFC0F21571 /* [CP] Embed Pods Frameworks */ = {
			isa = PBXShellScriptBuildPhase;
			buildActionMask = 2147483647;
			files = (
			);
			inputFileListPaths = (
				"${PODS_ROOT}/Target Support Files/Pods-Media Previewer/Pods-Media Previewer-frameworks-${CONFIGURATION}-input-files.xcfilelist",
			);
			name = "[CP] Embed Pods Frameworks";
			outputFileListPaths = (
				"${PODS_ROOT}/Target Support Files/Pods-Media Previewer/Pods-Media Previewer-frameworks-${CONFIGURATION}-output-files.xcfilelist",
			);
			runOnlyForDeploymentPostprocessing = 0;
			shellPath = /bin/sh;
			shellScript = "\"${PODS_ROOT}/Target Support Files/Pods-Media Previewer/Pods-Media Previewer-frameworks.sh\"\n";
			showEnvVarsInLog = 0;
		};
		C69F73B62304FC2771ED0149 /* [CP] Check Pods Manifest.lock */ = {
			isa = PBXShellScriptBuildPhase;
			buildActionMask = 2147483647;
			files = (
			);
			inputFileListPaths = (
			);
			inputPaths = (
				"${PODS_PODFILE_DIR_PATH}/Podfile.lock",
				"${PODS_ROOT}/Manifest.lock",
			);
			name = "[CP] Check Pods Manifest.lock";
			outputFileListPaths = (
			);
			outputPaths = (
				"$(DERIVED_FILE_DIR)/Pods-Media Previewer-Media PreviewerUITests-checkManifestLockResult.txt",
			);
			runOnlyForDeploymentPostprocessing = 0;
			shellPath = /bin/sh;
			shellScript = "diff \"${PODS_PODFILE_DIR_PATH}/Podfile.lock\" \"${PODS_ROOT}/Manifest.lock\" > /dev/null\nif [ $? != 0 ] ; then\n    # print error to STDERR\n    echo \"error: The sandbox is not in sync with the Podfile.lock. Run 'pod install' or update your CocoaPods installation.\" >&2\n    exit 1\nfi\n# This output is used by Xcode 'outputs' to avoid re-running this script phase.\necho \"SUCCESS\" > \"${SCRIPT_OUTPUT_FILE_0}\"\n";
			showEnvVarsInLog = 0;
		};
		FE1702F488BC9C102CE00299 /* [CP] Check Pods Manifest.lock */ = {
			isa = PBXShellScriptBuildPhase;
			buildActionMask = 2147483647;
			files = (
			);
			inputFileListPaths = (
			);
			inputPaths = (
				"${PODS_PODFILE_DIR_PATH}/Podfile.lock",
				"${PODS_ROOT}/Manifest.lock",
			);
			name = "[CP] Check Pods Manifest.lock";
			outputFileListPaths = (
			);
			outputPaths = (
				"$(DERIVED_FILE_DIR)/Pods-Media Previewer-checkManifestLockResult.txt",
			);
			runOnlyForDeploymentPostprocessing = 0;
			shellPath = /bin/sh;
			shellScript = "diff \"${PODS_PODFILE_DIR_PATH}/Podfile.lock\" \"${PODS_ROOT}/Manifest.lock\" > /dev/null\nif [ $? != 0 ] ; then\n    # print error to STDERR\n    echo \"error: The sandbox is not in sync with the Podfile.lock. Run 'pod install' or update your CocoaPods installation.\" >&2\n    exit 1\nfi\n# This output is used by Xcode 'outputs' to avoid re-running this script phase.\necho \"SUCCESS\" > \"${SCRIPT_OUTPUT_FILE_0}\"\n";
			showEnvVarsInLog = 0;
		};
		FF3D2AB813D1968469624E26 /* [CP] Embed Pods Frameworks */ = {
			isa = PBXShellScriptBuildPhase;
			buildActionMask = 2147483647;
			files = (
			);
			inputFileListPaths = (
				"${PODS_ROOT}/Target Support Files/Pods-Media Previewer-Media PreviewerUITests/Pods-Media Previewer-Media PreviewerUITests-frameworks-${CONFIGURATION}-input-files.xcfilelist",
			);
			name = "[CP] Embed Pods Frameworks";
			outputFileListPaths = (
				"${PODS_ROOT}/Target Support Files/Pods-Media Previewer-Media PreviewerUITests/Pods-Media Previewer-Media PreviewerUITests-frameworks-${CONFIGURATION}-output-files.xcfilelist",
			);
			runOnlyForDeploymentPostprocessing = 0;
			shellPath = /bin/sh;
			shellScript = "\"${PODS_ROOT}/Target Support Files/Pods-Media Previewer-Media PreviewerUITests/Pods-Media Previewer-Media PreviewerUITests-frameworks.sh\"\n";
			showEnvVarsInLog = 0;
		};
/* End PBXShellScriptBuildPhase section */

/* Begin PBXSourcesBuildPhase section */
		A7ED7A4928CF3FCC0095D4AE /* Sources */ = {
			isa = PBXSourcesBuildPhase;
			buildActionMask = 2147483647;
			files = (
				A72C4BFC290545BC003AECEC /* ImageController.swift in Sources */,
				A7ED7A5528CF3FCC0095D4AE /* AudioController.swift in Sources */,
				A75172122920D21C00993979 /* UnsupportedViewController.swift in Sources */,
				A7ED7A5128CF3FCC0095D4AE /* AppDelegate.swift in Sources */,
				A7ED7A5328CF3FCC0095D4AE /* SceneDelegate.swift in Sources */,
				A7AD353B28D74F320079BE85 /* VideoController.swift in Sources */,
				A751720C291F749C00993979 /* Date+Extensions.swift in Sources */,
				A75172102920CCCD00993979 /* TextController.swift in Sources */,
			);
			runOnlyForDeploymentPostprocessing = 0;
		};
		A7ED7A5F28CF3FCE0095D4AE /* Sources */ = {
			isa = PBXSourcesBuildPhase;
			buildActionMask = 2147483647;
			files = (
				A7ED7A6828CF3FCF0095D4AE /* Media_PreviewerTests.swift in Sources */,
			);
			runOnlyForDeploymentPostprocessing = 0;
		};
		A7ED7A6928CF3FCF0095D4AE /* Sources */ = {
			isa = PBXSourcesBuildPhase;
			buildActionMask = 2147483647;
			files = (
				A7ED7A7228CF3FCF0095D4AE /* Media_PreviewerUITests.swift in Sources */,
				A7ED7A7428CF3FCF0095D4AE /* Media_PreviewerUITestsLaunchTests.swift in Sources */,
			);
			runOnlyForDeploymentPostprocessing = 0;
		};
/* End PBXSourcesBuildPhase section */

/* Begin PBXTargetDependency section */
		A7ED7A6528CF3FCE0095D4AE /* PBXTargetDependency */ = {
			isa = PBXTargetDependency;
			target = A7ED7A4C28CF3FCC0095D4AE /* Media Previewer */;
			targetProxy = A7ED7A6428CF3FCE0095D4AE /* PBXContainerItemProxy */;
		};
		A7ED7A6F28CF3FCF0095D4AE /* PBXTargetDependency */ = {
			isa = PBXTargetDependency;
			target = A7ED7A4C28CF3FCC0095D4AE /* Media Previewer */;
			targetProxy = A7ED7A6E28CF3FCF0095D4AE /* PBXContainerItemProxy */;
		};
/* End PBXTargetDependency section */

/* Begin PBXVariantGroup section */
		A7ED7A5628CF3FCC0095D4AE /* Main.storyboard */ = {
			isa = PBXVariantGroup;
			children = (
				A7ED7A5728CF3FCC0095D4AE /* Base */,
			);
			name = Main.storyboard;
			sourceTree = "<group>";
		};
		A7ED7A5B28CF3FCE0095D4AE /* LaunchScreen.storyboard */ = {
			isa = PBXVariantGroup;
			children = (
				A7ED7A5C28CF3FCE0095D4AE /* Base */,
			);
			name = LaunchScreen.storyboard;
			sourceTree = "<group>";
		};
/* End PBXVariantGroup section */

/* Begin XCBuildConfiguration section */
		A7ED7A7528CF3FCF0095D4AE /* Debug */ = {
			isa = XCBuildConfiguration;
			buildSettings = {
				ALWAYS_SEARCH_USER_PATHS = NO;
				CLANG_ANALYZER_NONNULL = YES;
				CLANG_ANALYZER_NUMBER_OBJECT_CONVERSION = YES_AGGRESSIVE;
				CLANG_CXX_LANGUAGE_STANDARD = "gnu++17";
				CLANG_ENABLE_MODULES = YES;
				CLANG_ENABLE_OBJC_ARC = YES;
				CLANG_ENABLE_OBJC_WEAK = YES;
				CLANG_WARN_BLOCK_CAPTURE_AUTORELEASING = YES;
				CLANG_WARN_BOOL_CONVERSION = YES;
				CLANG_WARN_COMMA = YES;
				CLANG_WARN_CONSTANT_CONVERSION = YES;
				CLANG_WARN_DEPRECATED_OBJC_IMPLEMENTATIONS = YES;
				CLANG_WARN_DIRECT_OBJC_ISA_USAGE = YES_ERROR;
				CLANG_WARN_DOCUMENTATION_COMMENTS = YES;
				CLANG_WARN_EMPTY_BODY = YES;
				CLANG_WARN_ENUM_CONVERSION = YES;
				CLANG_WARN_INFINITE_RECURSION = YES;
				CLANG_WARN_INT_CONVERSION = YES;
				CLANG_WARN_NON_LITERAL_NULL_CONVERSION = YES;
				CLANG_WARN_OBJC_IMPLICIT_RETAIN_SELF = YES;
				CLANG_WARN_OBJC_LITERAL_CONVERSION = YES;
				CLANG_WARN_OBJC_ROOT_CLASS = YES_ERROR;
				CLANG_WARN_QUOTED_INCLUDE_IN_FRAMEWORK_HEADER = YES;
				CLANG_WARN_RANGE_LOOP_ANALYSIS = YES;
				CLANG_WARN_STRICT_PROTOTYPES = YES;
				CLANG_WARN_SUSPICIOUS_MOVE = YES;
				CLANG_WARN_UNGUARDED_AVAILABILITY = YES_AGGRESSIVE;
				CLANG_WARN_UNREACHABLE_CODE = YES;
				CLANG_WARN__DUPLICATE_METHOD_MATCH = YES;
				COPY_PHASE_STRIP = NO;
				DEBUG_INFORMATION_FORMAT = dwarf;
				ENABLE_STRICT_OBJC_MSGSEND = YES;
				ENABLE_TESTABILITY = YES;
				GCC_C_LANGUAGE_STANDARD = gnu11;
				GCC_DYNAMIC_NO_PIC = NO;
				GCC_NO_COMMON_BLOCKS = YES;
				GCC_OPTIMIZATION_LEVEL = 0;
				GCC_PREPROCESSOR_DEFINITIONS = (
					"DEBUG=1",
					"$(inherited)",
				);
				GCC_WARN_64_TO_32_BIT_CONVERSION = YES;
				GCC_WARN_ABOUT_RETURN_TYPE = YES_ERROR;
				GCC_WARN_UNDECLARED_SELECTOR = YES;
				GCC_WARN_UNINITIALIZED_AUTOS = YES_AGGRESSIVE;
				GCC_WARN_UNUSED_FUNCTION = YES;
				GCC_WARN_UNUSED_VARIABLE = YES;
				IPHONEOS_DEPLOYMENT_TARGET = 15.5;
				MTL_ENABLE_DEBUG_INFO = INCLUDE_SOURCE;
				MTL_FAST_MATH = YES;
				ONLY_ACTIVE_ARCH = YES;
				SDKROOT = iphoneos;
				SWIFT_ACTIVE_COMPILATION_CONDITIONS = DEBUG;
				SWIFT_OPTIMIZATION_LEVEL = "-Onone";
			};
			name = Debug;
		};
		A7ED7A7628CF3FCF0095D4AE /* Release */ = {
			isa = XCBuildConfiguration;
			buildSettings = {
				ALWAYS_SEARCH_USER_PATHS = NO;
				CLANG_ANALYZER_NONNULL = YES;
				CLANG_ANALYZER_NUMBER_OBJECT_CONVERSION = YES_AGGRESSIVE;
				CLANG_CXX_LANGUAGE_STANDARD = "gnu++17";
				CLANG_ENABLE_MODULES = YES;
				CLANG_ENABLE_OBJC_ARC = YES;
				CLANG_ENABLE_OBJC_WEAK = YES;
				CLANG_WARN_BLOCK_CAPTURE_AUTORELEASING = YES;
				CLANG_WARN_BOOL_CONVERSION = YES;
				CLANG_WARN_COMMA = YES;
				CLANG_WARN_CONSTANT_CONVERSION = YES;
				CLANG_WARN_DEPRECATED_OBJC_IMPLEMENTATIONS = YES;
				CLANG_WARN_DIRECT_OBJC_ISA_USAGE = YES_ERROR;
				CLANG_WARN_DOCUMENTATION_COMMENTS = YES;
				CLANG_WARN_EMPTY_BODY = YES;
				CLANG_WARN_ENUM_CONVERSION = YES;
				CLANG_WARN_INFINITE_RECURSION = YES;
				CLANG_WARN_INT_CONVERSION = YES;
				CLANG_WARN_NON_LITERAL_NULL_CONVERSION = YES;
				CLANG_WARN_OBJC_IMPLICIT_RETAIN_SELF = YES;
				CLANG_WARN_OBJC_LITERAL_CONVERSION = YES;
				CLANG_WARN_OBJC_ROOT_CLASS = YES_ERROR;
				CLANG_WARN_QUOTED_INCLUDE_IN_FRAMEWORK_HEADER = YES;
				CLANG_WARN_RANGE_LOOP_ANALYSIS = YES;
				CLANG_WARN_STRICT_PROTOTYPES = YES;
				CLANG_WARN_SUSPICIOUS_MOVE = YES;
				CLANG_WARN_UNGUARDED_AVAILABILITY = YES_AGGRESSIVE;
				CLANG_WARN_UNREACHABLE_CODE = YES;
				CLANG_WARN__DUPLICATE_METHOD_MATCH = YES;
				COPY_PHASE_STRIP = NO;
				DEBUG_INFORMATION_FORMAT = "dwarf-with-dsym";
				ENABLE_NS_ASSERTIONS = NO;
				ENABLE_STRICT_OBJC_MSGSEND = YES;
				GCC_C_LANGUAGE_STANDARD = gnu11;
				GCC_NO_COMMON_BLOCKS = YES;
				GCC_WARN_64_TO_32_BIT_CONVERSION = YES;
				GCC_WARN_ABOUT_RETURN_TYPE = YES_ERROR;
				GCC_WARN_UNDECLARED_SELECTOR = YES;
				GCC_WARN_UNINITIALIZED_AUTOS = YES_AGGRESSIVE;
				GCC_WARN_UNUSED_FUNCTION = YES;
				GCC_WARN_UNUSED_VARIABLE = YES;
				IPHONEOS_DEPLOYMENT_TARGET = 15.5;
				MTL_ENABLE_DEBUG_INFO = NO;
				MTL_FAST_MATH = YES;
				SDKROOT = iphoneos;
				SWIFT_COMPILATION_MODE = wholemodule;
				SWIFT_OPTIMIZATION_LEVEL = "-O";
				VALIDATE_PRODUCT = YES;
			};
			name = Release;
		};
		A7ED7A7828CF3FCF0095D4AE /* Debug */ = {
			isa = XCBuildConfiguration;
			baseConfigurationReference = 3F2C56B87B967DC2291DE030 /* Pods-Media Previewer.debug.xcconfig */;
			buildSettings = {
				ASSETCATALOG_COMPILER_APPICON_NAME = AppIcon;
				ASSETCATALOG_COMPILER_GLOBAL_ACCENT_COLOR_NAME = AccentColor;
				CODE_SIGN_STYLE = Automatic;
				CURRENT_PROJECT_VERSION = 1;
				DEVELOPMENT_TEAM = N86P97249N;
				GENERATE_INFOPLIST_FILE = YES;
				INFOPLIST_FILE = "Media Previewer/Info.plist";
				INFOPLIST_KEY_UIApplicationSupportsIndirectInputEvents = YES;
				INFOPLIST_KEY_UILaunchStoryboardName = LaunchScreen;
				INFOPLIST_KEY_UIMainStoryboardFile = Main;
				INFOPLIST_KEY_UISupportedInterfaceOrientations_iPad = "UIInterfaceOrientationPortrait UIInterfaceOrientationPortraitUpsideDown UIInterfaceOrientationLandscapeLeft UIInterfaceOrientationLandscapeRight";
				INFOPLIST_KEY_UISupportedInterfaceOrientations_iPhone = "UIInterfaceOrientationPortrait UIInterfaceOrientationLandscapeLeft UIInterfaceOrientationLandscapeRight";
				LD_RUNPATH_SEARCH_PATHS = (
					"$(inherited)",
					"@executable_path/Frameworks",
				);
				MARKETING_VERSION = 1.0;
				PRODUCT_BUNDLE_IDENTIFIER = "integer.uz.Media-Previewer";
				PRODUCT_NAME = "$(TARGET_NAME)";
				SWIFT_EMIT_LOC_STRINGS = YES;
				SWIFT_VERSION = 5.0;
				TARGETED_DEVICE_FAMILY = "1,2";
			};
			name = Debug;
		};
		A7ED7A7928CF3FCF0095D4AE /* Release */ = {
			isa = XCBuildConfiguration;
			baseConfigurationReference = F73C96501E9185F82895B857 /* Pods-Media Previewer.release.xcconfig */;
			buildSettings = {
				ASSETCATALOG_COMPILER_APPICON_NAME = AppIcon;
				ASSETCATALOG_COMPILER_GLOBAL_ACCENT_COLOR_NAME = AccentColor;
				CODE_SIGN_STYLE = Automatic;
				CURRENT_PROJECT_VERSION = 1;
				DEVELOPMENT_TEAM = N86P97249N;
				GENERATE_INFOPLIST_FILE = YES;
				INFOPLIST_FILE = "Media Previewer/Info.plist";
				INFOPLIST_KEY_UIApplicationSupportsIndirectInputEvents = YES;
				INFOPLIST_KEY_UILaunchStoryboardName = LaunchScreen;
				INFOPLIST_KEY_UIMainStoryboardFile = Main;
				INFOPLIST_KEY_UISupportedInterfaceOrientations_iPad = "UIInterfaceOrientationPortrait UIInterfaceOrientationPortraitUpsideDown UIInterfaceOrientationLandscapeLeft UIInterfaceOrientationLandscapeRight";
				INFOPLIST_KEY_UISupportedInterfaceOrientations_iPhone = "UIInterfaceOrientationPortrait UIInterfaceOrientationLandscapeLeft UIInterfaceOrientationLandscapeRight";
				LD_RUNPATH_SEARCH_PATHS = (
					"$(inherited)",
					"@executable_path/Frameworks",
				);
				MARKETING_VERSION = 1.0;
				PRODUCT_BUNDLE_IDENTIFIER = "integer.uz.Media-Previewer";
				PRODUCT_NAME = "$(TARGET_NAME)";
				SWIFT_EMIT_LOC_STRINGS = YES;
				SWIFT_VERSION = 5.0;
				TARGETED_DEVICE_FAMILY = "1,2";
			};
			name = Release;
		};
		A7ED7A7B28CF3FCF0095D4AE /* Debug */ = {
			isa = XCBuildConfiguration;
			baseConfigurationReference = 2BC15280D63EC6AB437B82BF /* Pods-Media PreviewerTests.debug.xcconfig */;
			buildSettings = {
				ALWAYS_EMBED_SWIFT_STANDARD_LIBRARIES = YES;
				BUNDLE_LOADER = "$(TEST_HOST)";
				CODE_SIGN_STYLE = Automatic;
				CURRENT_PROJECT_VERSION = 1;
				GENERATE_INFOPLIST_FILE = YES;
				IPHONEOS_DEPLOYMENT_TARGET = 15.5;
				MARKETING_VERSION = 1.0;
				PRODUCT_BUNDLE_IDENTIFIER = "integer.uz.Media-PreviewerTests";
				PRODUCT_NAME = "$(TARGET_NAME)";
				SWIFT_EMIT_LOC_STRINGS = NO;
				SWIFT_VERSION = 5.0;
				TARGETED_DEVICE_FAMILY = "1,2";
				TEST_HOST = "$(BUILT_PRODUCTS_DIR)/Media Previewer.app/Media Previewer";
			};
			name = Debug;
		};
		A7ED7A7C28CF3FCF0095D4AE /* Release */ = {
			isa = XCBuildConfiguration;
			baseConfigurationReference = 167EC894D5D734BE6586B03D /* Pods-Media PreviewerTests.release.xcconfig */;
			buildSettings = {
				ALWAYS_EMBED_SWIFT_STANDARD_LIBRARIES = YES;
				BUNDLE_LOADER = "$(TEST_HOST)";
				CODE_SIGN_STYLE = Automatic;
				CURRENT_PROJECT_VERSION = 1;
				GENERATE_INFOPLIST_FILE = YES;
				IPHONEOS_DEPLOYMENT_TARGET = 15.5;
				MARKETING_VERSION = 1.0;
				PRODUCT_BUNDLE_IDENTIFIER = "integer.uz.Media-PreviewerTests";
				PRODUCT_NAME = "$(TARGET_NAME)";
				SWIFT_EMIT_LOC_STRINGS = NO;
				SWIFT_VERSION = 5.0;
				TARGETED_DEVICE_FAMILY = "1,2";
				TEST_HOST = "$(BUILT_PRODUCTS_DIR)/Media Previewer.app/Media Previewer";
			};
			name = Release;
		};
		A7ED7A7E28CF3FCF0095D4AE /* Debug */ = {
			isa = XCBuildConfiguration;
			baseConfigurationReference = AEB628FD13C096B2FFFD6399 /* Pods-Media Previewer-Media PreviewerUITests.debug.xcconfig */;
			buildSettings = {
				ALWAYS_EMBED_SWIFT_STANDARD_LIBRARIES = YES;
				CODE_SIGN_STYLE = Automatic;
				CURRENT_PROJECT_VERSION = 1;
				GENERATE_INFOPLIST_FILE = YES;
				MARKETING_VERSION = 1.0;
				PRODUCT_BUNDLE_IDENTIFIER = "integer.uz.Media-PreviewerUITests";
				PRODUCT_NAME = "$(TARGET_NAME)";
				SWIFT_EMIT_LOC_STRINGS = NO;
				SWIFT_VERSION = 5.0;
				TARGETED_DEVICE_FAMILY = "1,2";
				TEST_TARGET_NAME = "Media Previewer";
			};
			name = Debug;
		};
		A7ED7A7F28CF3FCF0095D4AE /* Release */ = {
			isa = XCBuildConfiguration;
			baseConfigurationReference = 4359CC450615AF24DB4031FA /* Pods-Media Previewer-Media PreviewerUITests.release.xcconfig */;
			buildSettings = {
				ALWAYS_EMBED_SWIFT_STANDARD_LIBRARIES = YES;
				CODE_SIGN_STYLE = Automatic;
				CURRENT_PROJECT_VERSION = 1;
				GENERATE_INFOPLIST_FILE = YES;
				MARKETING_VERSION = 1.0;
				PRODUCT_BUNDLE_IDENTIFIER = "integer.uz.Media-PreviewerUITests";
				PRODUCT_NAME = "$(TARGET_NAME)";
				SWIFT_EMIT_LOC_STRINGS = NO;
				SWIFT_VERSION = 5.0;
				TARGETED_DEVICE_FAMILY = "1,2";
				TEST_TARGET_NAME = "Media Previewer";
			};
			name = Release;
		};
/* End XCBuildConfiguration section */

/* Begin XCConfigurationList section */
		A7ED7A4828CF3FCC0095D4AE /* Build configuration list for PBXProject "Media Previewer" */ = {
			isa = XCConfigurationList;
			buildConfigurations = (
				A7ED7A7528CF3FCF0095D4AE /* Debug */,
				A7ED7A7628CF3FCF0095D4AE /* Release */,
			);
			defaultConfigurationIsVisible = 0;
			defaultConfigurationName = Release;
		};
		A7ED7A7728CF3FCF0095D4AE /* Build configuration list for PBXNativeTarget "Media Previewer" */ = {
			isa = XCConfigurationList;
			buildConfigurations = (
				A7ED7A7828CF3FCF0095D4AE /* Debug */,
				A7ED7A7928CF3FCF0095D4AE /* Release */,
			);
			defaultConfigurationIsVisible = 0;
			defaultConfigurationName = Release;
		};
		A7ED7A7A28CF3FCF0095D4AE /* Build configuration list for PBXNativeTarget "Media PreviewerTests" */ = {
			isa = XCConfigurationList;
			buildConfigurations = (
				A7ED7A7B28CF3FCF0095D4AE /* Debug */,
				A7ED7A7C28CF3FCF0095D4AE /* Release */,
			);
			defaultConfigurationIsVisible = 0;
			defaultConfigurationName = Release;
		};
		A7ED7A7D28CF3FCF0095D4AE /* Build configuration list for PBXNativeTarget "Media PreviewerUITests" */ = {
			isa = XCConfigurationList;
			buildConfigurations = (
				A7ED7A7E28CF3FCF0095D4AE /* Debug */,
				A7ED7A7F28CF3FCF0095D4AE /* Release */,
			);
			defaultConfigurationIsVisible = 0;
			defaultConfigurationName = Release;
		};
/* End XCConfigurationList section */
	};
	rootObject = A7ED7A4528CF3FCC0095D4AE /* Project object */;
}
